
Microsoft Visual Studio Solution File, Format Version 12.00
# Visual Studio Version 16
VisualStudioVersion = 16.0.31613.86
MinimumVisualStudioVersion = 10.0.40219.1
Project("{FAE04EC0-301F-11D3-BF4B-00C04F79EFBC}") = "Above Premiere", "Above Premiere\Above Premiere.csproj", "{222A9EC6-B6A8-4479-A6C7-112DADECBCF4}"
EndProject
Global
	GlobalSection(SolutionConfigurationPlatforms) = preSolution
		Debug|Any CPU = Debug|Any CPU
		Release|Any CPU = Release|Any CPU
	EndGlobalSection
	GlobalSection(ProjectConfigurationPlatforms) = postSolution
		{222A9EC6-B6A8-4479-A6C7-112DADECBCF4}.Debug|Any CPU.ActiveCfg = Debug|Any CPU
		{222A9EC6-B6A8-4479-A6C7-112DADECBCF4}.Debug|Any CPU.Build.0 = Debug|Any CPU
		{222A9EC6-B6A8-4479-A6C7-112DADECBCF4}.Release|Any CPU.ActiveCfg = Release|Any CPU
		{222A9EC6-B6A8-4479-A6C7-112DADECBCF4}.Release|Any CPU.Build.0 = Release|Any CPU
	EndGlobalSection
	GlobalSection(SolutionProperties) = preSolution
		HideSolutionNode = FALSE
	EndGlobalSection
	GlobalSection(ExtensibilityGlobals) = postSolution
		SolutionGuid = {E9DA32D5-281A-4ECE-8BC7-8809D00F04B8}
	EndGlobalSection
EndGlobal
